
Microsoft Visual Studio Solution File, Format Version 12.00
# Visual Studio 15
VisualStudioVersion = 15.0.26430.6
MinimumVisualStudioVersion = 10.0.40219.1
Project("{FAE04EC0-301F-11D3-BF4B-00C04F79EFBC}") = "SKZTweets", "SKZTweets\SKZTweets.csproj", "{A8C2397E-5F1B-4EBE-8911-F92F201C068F}"
	ProjectSection(ProjectDependencies) = postProject
		{D6C4E706-40C7-49DA-92D0-2917C77C91EF} = {D6C4E706-40C7-49DA-92D0-2917C77C91EF}
		{E404C82B-6937-475C-9AD8-765509EB8C32} = {E404C82B-6937-475C-9AD8-765509EB8C32}
		{461AED33-4937-4D42-AEA3-A91F3129D0E0} = {461AED33-4937-4D42-AEA3-A91F3129D0E0}
		{12AEA135-BA62-41D7-B9C3-1DCA9D0C9EE4} = {12AEA135-BA62-41D7-B9C3-1DCA9D0C9EE4}
		{E699B23F-2C97-415F-A946-2EA9CBD07038} = {E699B23F-2C97-415F-A946-2EA9CBD07038}
		{3B671A6A-4189-45DE-B20F-E0DD0FF0494B} = {3B671A6A-4189-45DE-B20F-E0DD0FF0494B}
		{CD0B7280-20DB-414A-B42E-CCF6C87FC7C5} = {CD0B7280-20DB-414A-B42E-CCF6C87FC7C5}
		{A6A8758C-2B60-4FB0-A91F-627B1D86FCC0} = {A6A8758C-2B60-4FB0-A91F-627B1D86FCC0}
		{606DD8A5-1E7D-4910-B27C-92C707518181} = {606DD8A5-1E7D-4910-B27C-92C707518181}
		{A24801EC-2E00-4427-ACD8-25F4E20B0543} = {A24801EC-2E00-4427-ACD8-25F4E20B0543}
	EndProjectSection
EndProject
Project("{FAE04EC0-301F-11D3-BF4B-00C04F79EFBC}") = "MiscFiles", "MiscFiles\MiscFiles.csproj", "{CD0B7280-20DB-414A-B42E-CCF6C87FC7C5}"
EndProject
Project("{FAE04EC0-301F-11D3-BF4B-00C04F79EFBC}") = "TwitterData", "..\SKZTwitter\TwitterData\TwitterData.csproj", "{D6C4E706-40C7-49DA-92D0-2917C77C91EF}"
	ProjectSection(ProjectDependencies) = postProject
		{461AED33-4937-4D42-AEA3-A91F3129D0E0} = {461AED33-4937-4D42-AEA3-A91F3129D0E0}
		{CD0B7280-20DB-414A-B42E-CCF6C87FC7C5} = {CD0B7280-20DB-414A-B42E-CCF6C87FC7C5}
		{606DD8A5-1E7D-4910-B27C-92C707518181} = {606DD8A5-1E7D-4910-B27C-92C707518181}
		{A24801EC-2E00-4427-ACD8-25F4E20B0543} = {A24801EC-2E00-4427-ACD8-25F4E20B0543}
	EndProjectSection
EndProject
Project("{FAE04EC0-301F-11D3-BF4B-00C04F79EFBC}") = "Logging", "..\Common\Logging\Logging.csproj", "{606DD8A5-1E7D-4910-B27C-92C707518181}"
EndProject
Project("{FAE04EC0-301F-11D3-BF4B-00C04F79EFBC}") = "UnitTestProject", "UnitTestProject\UnitTestProject.csproj", "{FD795D81-D447-4E3A-A313-7E2B5273F523}"
EndProject
Project("{FAE04EC0-301F-11D3-BF4B-00C04F79EFBC}") = "BrowserDetector", "..\Common\BrowserDetector\BrowserDetector.csproj", "{A6A8758C-2B60-4FB0-A91F-627B1D86FCC0}"
EndProject
Project("{FAE04EC0-301F-11D3-BF4B-00C04F79EFBC}") = "TwitterJobs", "..\SKZTwitter\TwitterJobs\TwitterJobs.csproj", "{461AED33-4937-4D42-AEA3-A91F3129D0E0}"
	ProjectSection(ProjectDependencies) = postProject
		{606DD8A5-1E7D-4910-B27C-92C707518181} = {606DD8A5-1E7D-4910-B27C-92C707518181}
		{A24801EC-2E00-4427-ACD8-25F4E20B0543} = {A24801EC-2E00-4427-ACD8-25F4E20B0543}
	EndProjectSection
EndProject
Project("{FAE04EC0-301F-11D3-BF4B-00C04F79EFBC}") = "TwitterModels", "..\SKZTwitter\TwitterModels\TwitterModels.csproj", "{A24801EC-2E00-4427-ACD8-25F4E20B0543}"
EndProject
Project("{FAE04EC0-301F-11D3-BF4B-00C04F79EFBC}") = "LoggingGUI", "..\Common\Logging\LoggingGUI\LoggingGUI.csproj", "{3B671A6A-4189-45DE-B20F-E0DD0FF0494B}"
EndProject
Project("{FAE04EC0-301F-11D3-BF4B-00C04F79EFBC}") = "ListEnum", "..\Common\ListEnum\ListEnum.csproj", "{12AEA135-BA62-41D7-B9C3-1DCA9D0C9EE4}"
EndProject
Project("{FAE04EC0-301F-11D3-BF4B-00C04F79EFBC}") = "SplitterWithGrabber", "..\Common\SplitterWithGrabber\SplitterWithGrabber.csproj", "{E404C82B-6937-475C-9AD8-765509EB8C32}"
EndProject
Project("{FAE04EC0-301F-11D3-BF4B-00C04F79EFBC}") = "QueueManager", "..\Common\QueueManager\QueueManager.csproj", "{E699B23F-2C97-415F-A946-2EA9CBD07038}"
EndProject
Project("{FAE04EC0-301F-11D3-BF4B-00C04F79EFBC}") = "AssemblyInfo_Common", "..\Common\AssemblyInfo_Common\AssemblyInfo_Common.csproj", "{5F216C48-4D89-4E18-8FC6-A4D117F37025}"
EndProject
Project("{2150E333-8FDC-42A3-9474-1A3956D46DE8}") = "AssemblyInfos", "AssemblyInfos", "{B4C02631-3062-4CAC-BD83-EC17437F6A3D}"
EndProject
Project("{FAE04EC0-301F-11D3-BF4B-00C04F79EFBC}") = "AssemblyInfo_SKZTweets", "AssemblyInfo_SKZTweets\AssemblyInfo_SKZTweets.csproj", "{0809F836-FE48-4224-A5B7-212016597FB3}"
EndProject
Project("{FAE04EC0-301F-11D3-BF4B-00C04F79EFBC}") = "AssemblyInfo_Twitter", "..\SKZTwitter\AssemblyInfo_Twitter\AssemblyInfo_Twitter.csproj", "{E5579C2C-C19E-48C4-8769-EB1915223441}"
EndProject
Project("{FAE04EC0-301F-11D3-BF4B-00C04F79EFBC}") = "DataBase", "DataBase\DataBase.csproj", "{7AFDBFCB-FB17-4697-A163-4F864C40E18F}"
EndProject
Global
	GlobalSection(SolutionConfigurationPlatforms) = preSolution
		Debug|Any CPU = Debug|Any CPU
		Debug|ARM = Debug|ARM
		Debug|x64 = Debug|x64
		Debug|x86 = Debug|x86
		Release|Any CPU = Release|Any CPU
		Release|ARM = Release|ARM
		Release|x64 = Release|x64
		Release|x86 = Release|x86
	EndGlobalSection
	GlobalSection(ProjectConfigurationPlatforms) = postSolution
		{A8C2397E-5F1B-4EBE-8911-F92F201C068F}.Debug|Any CPU.ActiveCfg = Debug|Any CPU
		{A8C2397E-5F1B-4EBE-8911-F92F201C068F}.Debug|Any CPU.Build.0 = Debug|Any CPU
		{A8C2397E-5F1B-4EBE-8911-F92F201C068F}.Debug|ARM.ActiveCfg = Debug|Any CPU
		{A8C2397E-5F1B-4EBE-8911-F92F201C068F}.Debug|ARM.Build.0 = Debug|Any CPU
		{A8C2397E-5F1B-4EBE-8911-F92F201C068F}.Debug|x64.ActiveCfg = Debug|Any CPU
		{A8C2397E-5F1B-4EBE-8911-F92F201C068F}.Debug|x64.Build.0 = Debug|Any CPU
		{A8C2397E-5F1B-4EBE-8911-F92F201C068F}.Debug|x86.ActiveCfg = Debug|Any CPU
		{A8C2397E-5F1B-4EBE-8911-F92F201C068F}.Debug|x86.Build.0 = Debug|Any CPU
		{A8C2397E-5F1B-4EBE-8911-F92F201C068F}.Release|Any CPU.ActiveCfg = Release|Any CPU
		{A8C2397E-5F1B-4EBE-8911-F92F201C068F}.Release|Any CPU.Build.0 = Release|Any CPU
		{A8C2397E-5F1B-4EBE-8911-F92F201C068F}.Release|ARM.ActiveCfg = Release|Any CPU
		{A8C2397E-5F1B-4EBE-8911-F92F201C068F}.Release|ARM.Build.0 = Release|Any CPU
		{A8C2397E-5F1B-4EBE-8911-F92F201C068F}.Release|x64.ActiveCfg = Release|Any CPU
		{A8C2397E-5F1B-4EBE-8911-F92F201C068F}.Release|x64.Build.0 = Release|Any CPU
		{A8C2397E-5F1B-4EBE-8911-F92F201C068F}.Release|x86.ActiveCfg = Release|Any CPU
		{A8C2397E-5F1B-4EBE-8911-F92F201C068F}.Release|x86.Build.0 = Release|Any CPU
		{CD0B7280-20DB-414A-B42E-CCF6C87FC7C5}.Debug|Any CPU.ActiveCfg = Debug|Any CPU
		{CD0B7280-20DB-414A-B42E-CCF6C87FC7C5}.Debug|Any CPU.Build.0 = Debug|Any CPU
		{CD0B7280-20DB-414A-B42E-CCF6C87FC7C5}.Debug|ARM.ActiveCfg = Debug|Any CPU
		{CD0B7280-20DB-414A-B42E-CCF6C87FC7C5}.Debug|ARM.Build.0 = Debug|Any CPU
		{CD0B7280-20DB-414A-B42E-CCF6C87FC7C5}.Debug|x64.ActiveCfg = Debug|Any CPU
		{CD0B7280-20DB-414A-B42E-CCF6C87FC7C5}.Debug|x64.Build.0 = Debug|Any CPU
		{CD0B7280-20DB-414A-B42E-CCF6C87FC7C5}.Debug|x86.ActiveCfg = Debug|Any CPU
		{CD0B7280-20DB-414A-B42E-CCF6C87FC7C5}.Debug|x86.Build.0 = Debug|Any CPU
		{CD0B7280-20DB-414A-B42E-CCF6C87FC7C5}.Release|Any CPU.ActiveCfg = Release|Any CPU
		{CD0B7280-20DB-414A-B42E-CCF6C87FC7C5}.Release|Any CPU.Build.0 = Release|Any CPU
		{CD0B7280-20DB-414A-B42E-CCF6C87FC7C5}.Release|ARM.ActiveCfg = Release|Any CPU
		{CD0B7280-20DB-414A-B42E-CCF6C87FC7C5}.Release|ARM.Build.0 = Release|Any CPU
		{CD0B7280-20DB-414A-B42E-CCF6C87FC7C5}.Release|x64.ActiveCfg = Release|Any CPU
		{CD0B7280-20DB-414A-B42E-CCF6C87FC7C5}.Release|x64.Build.0 = Release|Any CPU
		{CD0B7280-20DB-414A-B42E-CCF6C87FC7C5}.Release|x86.ActiveCfg = Release|Any CPU
		{CD0B7280-20DB-414A-B42E-CCF6C87FC7C5}.Release|x86.Build.0 = Release|Any CPU
		{D6C4E706-40C7-49DA-92D0-2917C77C91EF}.Debug|Any CPU.ActiveCfg = Debug|Any CPU
		{D6C4E706-40C7-49DA-92D0-2917C77C91EF}.Debug|Any CPU.Build.0 = Debug|Any CPU
		{D6C4E706-40C7-49DA-92D0-2917C77C91EF}.Debug|ARM.ActiveCfg = Debug|Any CPU
		{D6C4E706-40C7-49DA-92D0-2917C77C91EF}.Debug|ARM.Build.0 = Debug|Any CPU
		{D6C4E706-40C7-49DA-92D0-2917C77C91EF}.Debug|x64.ActiveCfg = Debug|Any CPU
		{D6C4E706-40C7-49DA-92D0-2917C77C91EF}.Debug|x64.Build.0 = Debug|Any CPU
		{D6C4E706-40C7-49DA-92D0-2917C77C91EF}.Debug|x86.ActiveCfg = Debug|Any CPU
		{D6C4E706-40C7-49DA-92D0-2917C77C91EF}.Debug|x86.Build.0 = Debug|Any CPU
		{D6C4E706-40C7-49DA-92D0-2917C77C91EF}.Release|Any CPU.ActiveCfg = Release|Any CPU
		{D6C4E706-40C7-49DA-92D0-2917C77C91EF}.Release|Any CPU.Build.0 = Release|Any CPU
		{D6C4E706-40C7-49DA-92D0-2917C77C91EF}.Release|ARM.ActiveCfg = Release|Any CPU
		{D6C4E706-40C7-49DA-92D0-2917C77C91EF}.Release|ARM.Build.0 = Release|Any CPU
		{D6C4E706-40C7-49DA-92D0-2917C77C91EF}.Release|x64.ActiveCfg = Release|Any CPU
		{D6C4E706-40C7-49DA-92D0-2917C77C91EF}.Release|x64.Build.0 = Release|Any CPU
		{D6C4E706-40C7-49DA-92D0-2917C77C91EF}.Release|x86.ActiveCfg = Release|Any CPU
		{D6C4E706-40C7-49DA-92D0-2917C77C91EF}.Release|x86.Build.0 = Release|Any CPU
		{606DD8A5-1E7D-4910-B27C-92C707518181}.Debug|Any CPU.ActiveCfg = Debug|Any CPU
		{606DD8A5-1E7D-4910-B27C-92C707518181}.Debug|Any CPU.Build.0 = Debug|Any CPU
		{606DD8A5-1E7D-4910-B27C-92C707518181}.Debug|ARM.ActiveCfg = Debug|Any CPU
		{606DD8A5-1E7D-4910-B27C-92C707518181}.Debug|ARM.Build.0 = Debug|Any CPU
		{606DD8A5-1E7D-4910-B27C-92C707518181}.Debug|x64.ActiveCfg = Debug|Any CPU
		{606DD8A5-1E7D-4910-B27C-92C707518181}.Debug|x64.Build.0 = Debug|Any CPU
		{606DD8A5-1E7D-4910-B27C-92C707518181}.Debug|x86.ActiveCfg = Debug|Any CPU
		{606DD8A5-1E7D-4910-B27C-92C707518181}.Debug|x86.Build.0 = Debug|Any CPU
		{606DD8A5-1E7D-4910-B27C-92C707518181}.Release|Any CPU.ActiveCfg = Release|Any CPU
		{606DD8A5-1E7D-4910-B27C-92C707518181}.Release|Any CPU.Build.0 = Release|Any CPU
		{606DD8A5-1E7D-4910-B27C-92C707518181}.Release|ARM.ActiveCfg = Release|Any CPU
		{606DD8A5-1E7D-4910-B27C-92C707518181}.Release|ARM.Build.0 = Release|Any CPU
		{606DD8A5-1E7D-4910-B27C-92C707518181}.Release|x64.ActiveCfg = Release|Any CPU
		{606DD8A5-1E7D-4910-B27C-92C707518181}.Release|x64.Build.0 = Release|Any CPU
		{606DD8A5-1E7D-4910-B27C-92C707518181}.Release|x86.ActiveCfg = Release|Any CPU
		{606DD8A5-1E7D-4910-B27C-92C707518181}.Release|x86.Build.0 = Release|Any CPU
		{FD795D81-D447-4E3A-A313-7E2B5273F523}.Debug|Any CPU.ActiveCfg = Debug|Any CPU
		{FD795D81-D447-4E3A-A313-7E2B5273F523}.Debug|Any CPU.Build.0 = Debug|Any CPU
		{FD795D81-D447-4E3A-A313-7E2B5273F523}.Debug|ARM.ActiveCfg = Debug|Any CPU
		{FD795D81-D447-4E3A-A313-7E2B5273F523}.Debug|ARM.Build.0 = Debug|Any CPU
		{FD795D81-D447-4E3A-A313-7E2B5273F523}.Debug|x64.ActiveCfg = Debug|Any CPU
		{FD795D81-D447-4E3A-A313-7E2B5273F523}.Debug|x64.Build.0 = Debug|Any CPU
		{FD795D81-D447-4E3A-A313-7E2B5273F523}.Debug|x86.ActiveCfg = Debug|Any CPU
		{FD795D81-D447-4E3A-A313-7E2B5273F523}.Debug|x86.Build.0 = Debug|Any CPU
		{FD795D81-D447-4E3A-A313-7E2B5273F523}.Release|Any CPU.ActiveCfg = Release|Any CPU
		{FD795D81-D447-4E3A-A313-7E2B5273F523}.Release|Any CPU.Build.0 = Release|Any CPU
		{FD795D81-D447-4E3A-A313-7E2B5273F523}.Release|ARM.ActiveCfg = Release|Any CPU
		{FD795D81-D447-4E3A-A313-7E2B5273F523}.Release|ARM.Build.0 = Release|Any CPU
		{FD795D81-D447-4E3A-A313-7E2B5273F523}.Release|x64.ActiveCfg = Release|Any CPU
		{FD795D81-D447-4E3A-A313-7E2B5273F523}.Release|x64.Build.0 = Release|Any CPU
		{FD795D81-D447-4E3A-A313-7E2B5273F523}.Release|x86.ActiveCfg = Release|Any CPU
		{FD795D81-D447-4E3A-A313-7E2B5273F523}.Release|x86.Build.0 = Release|Any CPU
		{A6A8758C-2B60-4FB0-A91F-627B1D86FCC0}.Debug|Any CPU.ActiveCfg = Debug|Any CPU
		{A6A8758C-2B60-4FB0-A91F-627B1D86FCC0}.Debug|Any CPU.Build.0 = Debug|Any CPU
		{A6A8758C-2B60-4FB0-A91F-627B1D86FCC0}.Debug|ARM.ActiveCfg = Debug|Any CPU
		{A6A8758C-2B60-4FB0-A91F-627B1D86FCC0}.Debug|ARM.Build.0 = Debug|Any CPU
		{A6A8758C-2B60-4FB0-A91F-627B1D86FCC0}.Debug|x64.ActiveCfg = Debug|Any CPU
		{A6A8758C-2B60-4FB0-A91F-627B1D86FCC0}.Debug|x64.Build.0 = Debug|Any CPU
		{A6A8758C-2B60-4FB0-A91F-627B1D86FCC0}.Debug|x86.ActiveCfg = Debug|Any CPU
		{A6A8758C-2B60-4FB0-A91F-627B1D86FCC0}.Debug|x86.Build.0 = Debug|Any CPU
		{A6A8758C-2B60-4FB0-A91F-627B1D86FCC0}.Release|Any CPU.ActiveCfg = Release|Any CPU
		{A6A8758C-2B60-4FB0-A91F-627B1D86FCC0}.Release|Any CPU.Build.0 = Release|Any CPU
		{A6A8758C-2B60-4FB0-A91F-627B1D86FCC0}.Release|ARM.ActiveCfg = Release|Any CPU
		{A6A8758C-2B60-4FB0-A91F-627B1D86FCC0}.Release|ARM.Build.0 = Release|Any CPU
		{A6A8758C-2B60-4FB0-A91F-627B1D86FCC0}.Release|x64.ActiveCfg = Release|Any CPU
		{A6A8758C-2B60-4FB0-A91F-627B1D86FCC0}.Release|x64.Build.0 = Release|Any CPU
		{A6A8758C-2B60-4FB0-A91F-627B1D86FCC0}.Release|x86.ActiveCfg = Release|Any CPU
		{A6A8758C-2B60-4FB0-A91F-627B1D86FCC0}.Release|x86.Build.0 = Release|Any CPU
		{461AED33-4937-4D42-AEA3-A91F3129D0E0}.Debug|Any CPU.ActiveCfg = Debug|Any CPU
		{461AED33-4937-4D42-AEA3-A91F3129D0E0}.Debug|Any CPU.Build.0 = Debug|Any CPU
		{461AED33-4937-4D42-AEA3-A91F3129D0E0}.Debug|ARM.ActiveCfg = Debug|Any CPU
		{461AED33-4937-4D42-AEA3-A91F3129D0E0}.Debug|ARM.Build.0 = Debug|Any CPU
		{461AED33-4937-4D42-AEA3-A91F3129D0E0}.Debug|x64.ActiveCfg = Debug|Any CPU
		{461AED33-4937-4D42-AEA3-A91F3129D0E0}.Debug|x64.Build.0 = Debug|Any CPU
		{461AED33-4937-4D42-AEA3-A91F3129D0E0}.Debug|x86.ActiveCfg = Debug|Any CPU
		{461AED33-4937-4D42-AEA3-A91F3129D0E0}.Debug|x86.Build.0 = Debug|Any CPU
		{461AED33-4937-4D42-AEA3-A91F3129D0E0}.Release|Any CPU.ActiveCfg = Release|Any CPU
		{461AED33-4937-4D42-AEA3-A91F3129D0E0}.Release|Any CPU.Build.0 = Release|Any CPU
		{461AED33-4937-4D42-AEA3-A91F3129D0E0}.Release|ARM.ActiveCfg = Release|Any CPU
		{461AED33-4937-4D42-AEA3-A91F3129D0E0}.Release|ARM.Build.0 = Release|Any CPU
		{461AED33-4937-4D42-AEA3-A91F3129D0E0}.Release|x64.ActiveCfg = Release|Any CPU
		{461AED33-4937-4D42-AEA3-A91F3129D0E0}.Release|x64.Build.0 = Release|Any CPU
		{461AED33-4937-4D42-AEA3-A91F3129D0E0}.Release|x86.ActiveCfg = Release|Any CPU
		{461AED33-4937-4D42-AEA3-A91F3129D0E0}.Release|x86.Build.0 = Release|Any CPU
		{A24801EC-2E00-4427-ACD8-25F4E20B0543}.Debug|Any CPU.ActiveCfg = Debug|Any CPU
		{A24801EC-2E00-4427-ACD8-25F4E20B0543}.Debug|Any CPU.Build.0 = Debug|Any CPU
		{A24801EC-2E00-4427-ACD8-25F4E20B0543}.Debug|ARM.ActiveCfg = Debug|Any CPU
		{A24801EC-2E00-4427-ACD8-25F4E20B0543}.Debug|ARM.Build.0 = Debug|Any CPU
		{A24801EC-2E00-4427-ACD8-25F4E20B0543}.Debug|x64.ActiveCfg = Debug|Any CPU
		{A24801EC-2E00-4427-ACD8-25F4E20B0543}.Debug|x64.Build.0 = Debug|Any CPU
		{A24801EC-2E00-4427-ACD8-25F4E20B0543}.Debug|x86.ActiveCfg = Debug|Any CPU
		{A24801EC-2E00-4427-ACD8-25F4E20B0543}.Debug|x86.Build.0 = Debug|Any CPU
		{A24801EC-2E00-4427-ACD8-25F4E20B0543}.Release|Any CPU.ActiveCfg = Release|Any CPU
		{A24801EC-2E00-4427-ACD8-25F4E20B0543}.Release|Any CPU.Build.0 = Release|Any CPU
		{A24801EC-2E00-4427-ACD8-25F4E20B0543}.Release|ARM.ActiveCfg = Release|Any CPU
		{A24801EC-2E00-4427-ACD8-25F4E20B0543}.Release|ARM.Build.0 = Release|Any CPU
		{A24801EC-2E00-4427-ACD8-25F4E20B0543}.Release|x64.ActiveCfg = Release|Any CPU
		{A24801EC-2E00-4427-ACD8-25F4E20B0543}.Release|x64.Build.0 = Release|Any CPU
		{A24801EC-2E00-4427-ACD8-25F4E20B0543}.Release|x86.ActiveCfg = Release|Any CPU
		{A24801EC-2E00-4427-ACD8-25F4E20B0543}.Release|x86.Build.0 = Release|Any CPU
		{3B671A6A-4189-45DE-B20F-E0DD0FF0494B}.Debug|Any CPU.ActiveCfg = Debug|Any CPU
		{3B671A6A-4189-45DE-B20F-E0DD0FF0494B}.Debug|Any CPU.Build.0 = Debug|Any CPU
		{3B671A6A-4189-45DE-B20F-E0DD0FF0494B}.Debug|ARM.ActiveCfg = Debug|Any CPU
		{3B671A6A-4189-45DE-B20F-E0DD0FF0494B}.Debug|ARM.Build.0 = Debug|Any CPU
		{3B671A6A-4189-45DE-B20F-E0DD0FF0494B}.Debug|x64.ActiveCfg = Debug|Any CPU
		{3B671A6A-4189-45DE-B20F-E0DD0FF0494B}.Debug|x64.Build.0 = Debug|Any CPU
		{3B671A6A-4189-45DE-B20F-E0DD0FF0494B}.Debug|x86.ActiveCfg = Debug|Any CPU
		{3B671A6A-4189-45DE-B20F-E0DD0FF0494B}.Debug|x86.Build.0 = Debug|Any CPU
		{3B671A6A-4189-45DE-B20F-E0DD0FF0494B}.Release|Any CPU.ActiveCfg = Release|Any CPU
		{3B671A6A-4189-45DE-B20F-E0DD0FF0494B}.Release|Any CPU.Build.0 = Release|Any CPU
		{3B671A6A-4189-45DE-B20F-E0DD0FF0494B}.Release|ARM.ActiveCfg = Release|Any CPU
		{3B671A6A-4189-45DE-B20F-E0DD0FF0494B}.Release|ARM.Build.0 = Release|Any CPU
		{3B671A6A-4189-45DE-B20F-E0DD0FF0494B}.Release|x64.ActiveCfg = Release|Any CPU
		{3B671A6A-4189-45DE-B20F-E0DD0FF0494B}.Release|x64.Build.0 = Release|Any CPU
		{3B671A6A-4189-45DE-B20F-E0DD0FF0494B}.Release|x86.ActiveCfg = Release|Any CPU
		{3B671A6A-4189-45DE-B20F-E0DD0FF0494B}.Release|x86.Build.0 = Release|Any CPU
		{12AEA135-BA62-41D7-B9C3-1DCA9D0C9EE4}.Debug|Any CPU.ActiveCfg = Debug|Any CPU
		{12AEA135-BA62-41D7-B9C3-1DCA9D0C9EE4}.Debug|Any CPU.Build.0 = Debug|Any CPU
		{12AEA135-BA62-41D7-B9C3-1DCA9D0C9EE4}.Debug|ARM.ActiveCfg = Debug|Any CPU
		{12AEA135-BA62-41D7-B9C3-1DCA9D0C9EE4}.Debug|ARM.Build.0 = Debug|Any CPU
		{12AEA135-BA62-41D7-B9C3-1DCA9D0C9EE4}.Debug|x64.ActiveCfg = Debug|Any CPU
		{12AEA135-BA62-41D7-B9C3-1DCA9D0C9EE4}.Debug|x64.Build.0 = Debug|Any CPU
		{12AEA135-BA62-41D7-B9C3-1DCA9D0C9EE4}.Debug|x86.ActiveCfg = Debug|Any CPU
		{12AEA135-BA62-41D7-B9C3-1DCA9D0C9EE4}.Debug|x86.Build.0 = Debug|Any CPU
		{12AEA135-BA62-41D7-B9C3-1DCA9D0C9EE4}.Release|Any CPU.ActiveCfg = Release|Any CPU
		{12AEA135-BA62-41D7-B9C3-1DCA9D0C9EE4}.Release|Any CPU.Build.0 = Release|Any CPU
		{12AEA135-BA62-41D7-B9C3-1DCA9D0C9EE4}.Release|ARM.ActiveCfg = Release|Any CPU
		{12AEA135-BA62-41D7-B9C3-1DCA9D0C9EE4}.Release|ARM.Build.0 = Release|Any CPU
		{12AEA135-BA62-41D7-B9C3-1DCA9D0C9EE4}.Release|x64.ActiveCfg = Release|Any CPU
		{12AEA135-BA62-41D7-B9C3-1DCA9D0C9EE4}.Release|x64.Build.0 = Release|Any CPU
		{12AEA135-BA62-41D7-B9C3-1DCA9D0C9EE4}.Release|x86.ActiveCfg = Release|Any CPU
		{12AEA135-BA62-41D7-B9C3-1DCA9D0C9EE4}.Release|x86.Build.0 = Release|Any CPU
		{E404C82B-6937-475C-9AD8-765509EB8C32}.Debug|Any CPU.ActiveCfg = Debug|Any CPU
		{E404C82B-6937-475C-9AD8-765509EB8C32}.Debug|Any CPU.Build.0 = Debug|Any CPU
		{E404C82B-6937-475C-9AD8-765509EB8C32}.Debug|ARM.ActiveCfg = Debug|Any CPU
		{E404C82B-6937-475C-9AD8-765509EB8C32}.Debug|ARM.Build.0 = Debug|Any CPU
		{E404C82B-6937-475C-9AD8-765509EB8C32}.Debug|x64.ActiveCfg = Debug|Any CPU
		{E404C82B-6937-475C-9AD8-765509EB8C32}.Debug|x64.Build.0 = Debug|Any CPU
		{E404C82B-6937-475C-9AD8-765509EB8C32}.Debug|x86.ActiveCfg = Debug|Any CPU
		{E404C82B-6937-475C-9AD8-765509EB8C32}.Debug|x86.Build.0 = Debug|Any CPU
		{E404C82B-6937-475C-9AD8-765509EB8C32}.Release|Any CPU.ActiveCfg = Release|Any CPU
		{E404C82B-6937-475C-9AD8-765509EB8C32}.Release|Any CPU.Build.0 = Release|Any CPU
		{E404C82B-6937-475C-9AD8-765509EB8C32}.Release|ARM.ActiveCfg = Release|Any CPU
		{E404C82B-6937-475C-9AD8-765509EB8C32}.Release|ARM.Build.0 = Release|Any CPU
		{E404C82B-6937-475C-9AD8-765509EB8C32}.Release|x64.ActiveCfg = Release|Any CPU
		{E404C82B-6937-475C-9AD8-765509EB8C32}.Release|x64.Build.0 = Release|Any CPU
		{E404C82B-6937-475C-9AD8-765509EB8C32}.Release|x86.ActiveCfg = Release|Any CPU
		{E404C82B-6937-475C-9AD8-765509EB8C32}.Release|x86.Build.0 = Release|Any CPU
		{E699B23F-2C97-415F-A946-2EA9CBD07038}.Debug|Any CPU.ActiveCfg = Debug|Any CPU
		{E699B23F-2C97-415F-A946-2EA9CBD07038}.Debug|Any CPU.Build.0 = Debug|Any CPU
		{E699B23F-2C97-415F-A946-2EA9CBD07038}.Debug|ARM.ActiveCfg = Debug|Any CPU
		{E699B23F-2C97-415F-A946-2EA9CBD07038}.Debug|ARM.Build.0 = Debug|Any CPU
		{E699B23F-2C97-415F-A946-2EA9CBD07038}.Debug|x64.ActiveCfg = Debug|Any CPU
		{E699B23F-2C97-415F-A946-2EA9CBD07038}.Debug|x64.Build.0 = Debug|Any CPU
		{E699B23F-2C97-415F-A946-2EA9CBD07038}.Debug|x86.ActiveCfg = Debug|Any CPU
		{E699B23F-2C97-415F-A946-2EA9CBD07038}.Debug|x86.Build.0 = Debug|Any CPU
		{E699B23F-2C97-415F-A946-2EA9CBD07038}.Release|Any CPU.ActiveCfg = Release|Any CPU
		{E699B23F-2C97-415F-A946-2EA9CBD07038}.Release|Any CPU.Build.0 = Release|Any CPU
		{E699B23F-2C97-415F-A946-2EA9CBD07038}.Release|ARM.ActiveCfg = Release|Any CPU
		{E699B23F-2C97-415F-A946-2EA9CBD07038}.Release|ARM.Build.0 = Release|Any CPU
		{E699B23F-2C97-415F-A946-2EA9CBD07038}.Release|x64.ActiveCfg = Release|Any CPU
		{E699B23F-2C97-415F-A946-2EA9CBD07038}.Release|x64.Build.0 = Release|Any CPU
		{E699B23F-2C97-415F-A946-2EA9CBD07038}.Release|x86.ActiveCfg = Release|Any CPU
		{E699B23F-2C97-415F-A946-2EA9CBD07038}.Release|x86.Build.0 = Release|Any CPU
		{5F216C48-4D89-4E18-8FC6-A4D117F37025}.Debug|Any CPU.ActiveCfg = Debug|Any CPU
		{5F216C48-4D89-4E18-8FC6-A4D117F37025}.Debug|Any CPU.Build.0 = Debug|Any CPU
		{5F216C48-4D89-4E18-8FC6-A4D117F37025}.Debug|ARM.ActiveCfg = Debug|Any CPU
		{5F216C48-4D89-4E18-8FC6-A4D117F37025}.Debug|ARM.Build.0 = Debug|Any CPU
		{5F216C48-4D89-4E18-8FC6-A4D117F37025}.Debug|x64.ActiveCfg = Debug|Any CPU
		{5F216C48-4D89-4E18-8FC6-A4D117F37025}.Debug|x64.Build.0 = Debug|Any CPU
		{5F216C48-4D89-4E18-8FC6-A4D117F37025}.Debug|x86.ActiveCfg = Debug|Any CPU
		{5F216C48-4D89-4E18-8FC6-A4D117F37025}.Debug|x86.Build.0 = Debug|Any CPU
		{5F216C48-4D89-4E18-8FC6-A4D117F37025}.Release|Any CPU.ActiveCfg = Release|Any CPU
		{5F216C48-4D89-4E18-8FC6-A4D117F37025}.Release|Any CPU.Build.0 = Release|Any CPU
		{5F216C48-4D89-4E18-8FC6-A4D117F37025}.Release|ARM.ActiveCfg = Release|Any CPU
		{5F216C48-4D89-4E18-8FC6-A4D117F37025}.Release|ARM.Build.0 = Release|Any CPU
		{5F216C48-4D89-4E18-8FC6-A4D117F37025}.Release|x64.ActiveCfg = Release|Any CPU
		{5F216C48-4D89-4E18-8FC6-A4D117F37025}.Release|x64.Build.0 = Release|Any CPU
		{5F216C48-4D89-4E18-8FC6-A4D117F37025}.Release|x86.ActiveCfg = Release|Any CPU
		{5F216C48-4D89-4E18-8FC6-A4D117F37025}.Release|x86.Build.0 = Release|Any CPU
		{0809F836-FE48-4224-A5B7-212016597FB3}.Debug|Any CPU.ActiveCfg = Debug|Any CPU
		{0809F836-FE48-4224-A5B7-212016597FB3}.Debug|Any CPU.Build.0 = Debug|Any CPU
		{0809F836-FE48-4224-A5B7-212016597FB3}.Debug|ARM.ActiveCfg = Debug|Any CPU
		{0809F836-FE48-4224-A5B7-212016597FB3}.Debug|ARM.Build.0 = Debug|Any CPU
		{0809F836-FE48-4224-A5B7-212016597FB3}.Debug|x64.ActiveCfg = Debug|Any CPU
		{0809F836-FE48-4224-A5B7-212016597FB3}.Debug|x64.Build.0 = Debug|Any CPU
		{0809F836-FE48-4224-A5B7-212016597FB3}.Debug|x86.ActiveCfg = Debug|Any CPU
		{0809F836-FE48-4224-A5B7-212016597FB3}.Debug|x86.Build.0 = Debug|Any CPU
		{0809F836-FE48-4224-A5B7-212016597FB3}.Release|Any CPU.ActiveCfg = Release|Any CPU
		{0809F836-FE48-4224-A5B7-212016597FB3}.Release|Any CPU.Build.0 = Release|Any CPU
		{0809F836-FE48-4224-A5B7-212016597FB3}.Release|ARM.ActiveCfg = Release|Any CPU
		{0809F836-FE48-4224-A5B7-212016597FB3}.Release|ARM.Build.0 = Release|Any CPU
		{0809F836-FE48-4224-A5B7-212016597FB3}.Release|x64.ActiveCfg = Release|Any CPU
		{0809F836-FE48-4224-A5B7-212016597FB3}.Release|x64.Build.0 = Release|Any CPU
		{0809F836-FE48-4224-A5B7-212016597FB3}.Release|x86.ActiveCfg = Release|Any CPU
		{0809F836-FE48-4224-A5B7-212016597FB3}.Release|x86.Build.0 = Release|Any CPU
		{E5579C2C-C19E-48C4-8769-EB1915223441}.Debug|Any CPU.ActiveCfg = Debug|Any CPU
		{E5579C2C-C19E-48C4-8769-EB1915223441}.Debug|Any CPU.Build.0 = Debug|Any CPU
		{E5579C2C-C19E-48C4-8769-EB1915223441}.Debug|ARM.ActiveCfg = Debug|Any CPU
		{E5579C2C-C19E-48C4-8769-EB1915223441}.Debug|ARM.Build.0 = Debug|Any CPU
		{E5579C2C-C19E-48C4-8769-EB1915223441}.Debug|x64.ActiveCfg = Debug|Any CPU
		{E5579C2C-C19E-48C4-8769-EB1915223441}.Debug|x64.Build.0 = Debug|Any CPU
		{E5579C2C-C19E-48C4-8769-EB1915223441}.Debug|x86.ActiveCfg = Debug|Any CPU
		{E5579C2C-C19E-48C4-8769-EB1915223441}.Debug|x86.Build.0 = Debug|Any CPU
		{E5579C2C-C19E-48C4-8769-EB1915223441}.Release|Any CPU.ActiveCfg = Release|Any CPU
		{E5579C2C-C19E-48C4-8769-EB1915223441}.Release|Any CPU.Build.0 = Release|Any CPU
		{E5579C2C-C19E-48C4-8769-EB1915223441}.Release|ARM.ActiveCfg = Release|Any CPU
		{E5579C2C-C19E-48C4-8769-EB1915223441}.Release|ARM.Build.0 = Release|Any CPU
		{E5579C2C-C19E-48C4-8769-EB1915223441}.Release|x64.ActiveCfg = Release|Any CPU
		{E5579C2C-C19E-48C4-8769-EB1915223441}.Release|x64.Build.0 = Release|Any CPU
		{E5579C2C-C19E-48C4-8769-EB1915223441}.Release|x86.ActiveCfg = Release|Any CPU
		{E5579C2C-C19E-48C4-8769-EB1915223441}.Release|x86.Build.0 = Release|Any CPU
		{7AFDBFCB-FB17-4697-A163-4F864C40E18F}.Debug|Any CPU.ActiveCfg = Debug|Any CPU
		{7AFDBFCB-FB17-4697-A163-4F864C40E18F}.Debug|Any CPU.Build.0 = Debug|Any CPU
		{7AFDBFCB-FB17-4697-A163-4F864C40E18F}.Debug|ARM.ActiveCfg = Debug|Any CPU
		{7AFDBFCB-FB17-4697-A163-4F864C40E18F}.Debug|ARM.Build.0 = Debug|Any CPU
		{7AFDBFCB-FB17-4697-A163-4F864C40E18F}.Debug|x64.ActiveCfg = Debug|Any CPU
		{7AFDBFCB-FB17-4697-A163-4F864C40E18F}.Debug|x64.Build.0 = Debug|Any CPU
		{7AFDBFCB-FB17-4697-A163-4F864C40E18F}.Debug|x86.ActiveCfg = Debug|Any CPU
		{7AFDBFCB-FB17-4697-A163-4F864C40E18F}.Debug|x86.Build.0 = Debug|Any CPU
		{7AFDBFCB-FB17-4697-A163-4F864C40E18F}.Release|Any CPU.ActiveCfg = Release|Any CPU
		{7AFDBFCB-FB17-4697-A163-4F864C40E18F}.Release|Any CPU.Build.0 = Release|Any CPU
		{7AFDBFCB-FB17-4697-A163-4F864C40E18F}.Release|ARM.ActiveCfg = Release|Any CPU
		{7AFDBFCB-FB17-4697-A163-4F864C40E18F}.Release|ARM.Build.0 = Release|Any CPU
		{7AFDBFCB-FB17-4697-A163-4F864C40E18F}.Release|x64.ActiveCfg = Release|Any CPU
		{7AFDBFCB-FB17-4697-A163-4F864C40E18F}.Release|x64.Build.0 = Release|Any CPU
		{7AFDBFCB-FB17-4697-A163-4F864C40E18F}.Release|x86.ActiveCfg = Release|Any CPU
		{7AFDBFCB-FB17-4697-A163-4F864C40E18F}.Release|x86.Build.0 = Release|Any CPU
	EndGlobalSection
	GlobalSection(SolutionProperties) = preSolution
		HideSolutionNode = FALSE
	EndGlobalSection
	GlobalSection(NestedProjects) = preSolution
		{5F216C48-4D89-4E18-8FC6-A4D117F37025} = {B4C02631-3062-4CAC-BD83-EC17437F6A3D}
		{0809F836-FE48-4224-A5B7-212016597FB3} = {B4C02631-3062-4CAC-BD83-EC17437F6A3D}
		{E5579C2C-C19E-48C4-8769-EB1915223441} = {B4C02631-3062-4CAC-BD83-EC17437F6A3D}
	EndGlobalSection
	GlobalSection(ExtensibilityGlobals) = postSolution
		SolutionGuid = {EB553C70-2499-46EE-A679-09163BCA9080}
	EndGlobalSection
EndGlobal
