
Microsoft Visual Studio Solution File, Format Version 12.00
# Visual Studio Version 17
VisualStudioVersion = 17.3.32811.315
MinimumVisualStudioVersion = 10.0.40219.1
Project("{FAE04EC0-301F-11D3-BF4B-00C04F79EFBC}") = "HighriseModMaker", "HighriseModMaker.csproj", "{40103236-EEDF-4899-8236-DDA0A3A6F915}"
EndProject
Global
	GlobalSection(SolutionConfigurationPlatforms) = preSolution
		Debug|Any CPU = Debug|Any CPU
		Release|Any CPU = Release|Any CPU
	EndGlobalSection
	GlobalSection(ProjectConfigurationPlatforms) = postSolution
		{40103236-EEDF-4899-8236-DDA0A3A6F915}.Debug|Any CPU.ActiveCfg = Debug|Any CPU
		{40103236-EEDF-4899-8236-DDA0A3A6F915}.Debug|Any CPU.Build.0 = Debug|Any CPU
		{40103236-EEDF-4899-8236-DDA0A3A6F915}.Release|Any CPU.ActiveCfg = Release|Any CPU
		{40103236-EEDF-4899-8236-DDA0A3A6F915}.Release|Any CPU.Build.0 = Release|Any CPU
	EndGlobalSection
	GlobalSection(SolutionProperties) = preSolution
		HideSolutionNode = FALSE
	EndGlobalSection
	GlobalSection(ExtensibilityGlobals) = postSolution
		SolutionGuid = {70A4205A-70A6-476A-BA9E-90C25EF90964}
	EndGlobalSection
EndGlobal
