
Microsoft Visual Studio Solution File, Format Version 12.00
# Visual Studio Version 17
VisualStudioVersion = 17.4.33205.214
MinimumVisualStudioVersion = 10.0.40219.1
Project("{FAE04EC0-301F-11D3-BF4B-00C04F79EFBC}") = "Extractor", "Extractor.csproj", "{BC0F77B2-C899-43CE-BECA-A542AE265FF7}"
EndProject
Global
	GlobalSection(SolutionConfigurationPlatforms) = preSolution
		Debug|Any CPU = Debug|Any CPU
		Release|Any CPU = Release|Any CPU
	EndGlobalSection
	GlobalSection(ProjectConfigurationPlatforms) = postSolution
		{BC0F77B2-C899-43CE-BECA-A542AE265FF7}.Debug|Any CPU.ActiveCfg = Debug|Any CPU
		{BC0F77B2-C899-43CE-BECA-A542AE265FF7}.Debug|Any CPU.Build.0 = Debug|Any CPU
		{BC0F77B2-C899-43CE-BECA-A542AE265FF7}.Release|Any CPU.ActiveCfg = Release|Any CPU
		{BC0F77B2-C899-43CE-BECA-A542AE265FF7}.Release|Any CPU.Build.0 = Release|Any CPU
	EndGlobalSection
	GlobalSection(SolutionProperties) = preSolution
		HideSolutionNode = FALSE
	EndGlobalSection
	GlobalSection(ExtensibilityGlobals) = postSolution
		SolutionGuid = {AEF8FFF9-BCF5-4293-BA93-BEC8845BEF16}
	EndGlobalSection
EndGlobal
