
Microsoft Visual Studio Solution File, Format Version 12.00
# Visual Studio Version 17
VisualStudioVersion = 17.3.32811.315
MinimumVisualStudioVersion = 10.0.40219.1
Project("{FAE04EC0-301F-11D3-BF4B-00C04F79EFBC}") = "Proj 01", "Proj 01\Proj 01.csproj", "{B1DB1FA2-8A19-437F-9BB4-57E255EC1DEC}"
EndProject
Global
	GlobalSection(SolutionConfigurationPlatforms) = preSolution
		Debug|Any CPU = Debug|Any CPU
		Release|Any CPU = Release|Any CPU
	EndGlobalSection
	GlobalSection(ProjectConfigurationPlatforms) = postSolution
		{B1DB1FA2-8A19-437F-9BB4-57E255EC1DEC}.Debug|Any CPU.ActiveCfg = Debug|Any CPU
		{B1DB1FA2-8A19-437F-9BB4-57E255EC1DEC}.Debug|Any CPU.Build.0 = Debug|Any CPU
		{B1DB1FA2-8A19-437F-9BB4-57E255EC1DEC}.Release|Any CPU.ActiveCfg = Release|Any CPU
		{B1DB1FA2-8A19-437F-9BB4-57E255EC1DEC}.Release|Any CPU.Build.0 = Release|Any CPU
	EndGlobalSection
	GlobalSection(SolutionProperties) = preSolution
		HideSolutionNode = FALSE
	EndGlobalSection
	GlobalSection(ExtensibilityGlobals) = postSolution
		SolutionGuid = {C2908E45-6597-4C32-8427-4C8CFA27061D}
	EndGlobalSection
EndGlobal
