
Microsoft Visual Studio Solution File, Format Version 12.00
# Visual Studio Version 17
VisualStudioVersion = 17.4.33205.214
MinimumVisualStudioVersion = 10.0.40219.1
Project("{FAE04EC0-301F-11D3-BF4B-00C04F79EFBC}") = "OpenRandom", "OpenRandom.csproj", "{38296947-6885-40F7-9A26-9B40363A7EDB}"
EndProject
Global
	GlobalSection(SolutionConfigurationPlatforms) = preSolution
		Debug|Any CPU = Debug|Any CPU
		Release|Any CPU = Release|Any CPU
	EndGlobalSection
	GlobalSection(ProjectConfigurationPlatforms) = postSolution
		{38296947-6885-40F7-9A26-9B40363A7EDB}.Debug|Any CPU.ActiveCfg = Debug|Any CPU
		{38296947-6885-40F7-9A26-9B40363A7EDB}.Debug|Any CPU.Build.0 = Debug|Any CPU
		{38296947-6885-40F7-9A26-9B40363A7EDB}.Release|Any CPU.ActiveCfg = Release|Any CPU
		{38296947-6885-40F7-9A26-9B40363A7EDB}.Release|Any CPU.Build.0 = Release|Any CPU
	EndGlobalSection
	GlobalSection(SolutionProperties) = preSolution
		HideSolutionNode = FALSE
	EndGlobalSection
	GlobalSection(ExtensibilityGlobals) = postSolution
		SolutionGuid = {126A5892-D611-400D-990F-598890B0DED3}
	EndGlobalSection
EndGlobal
