
Microsoft Visual Studio Solution File, Format Version 12.00
# Visual Studio 15
VisualStudioVersion = 15.0.26430.6
MinimumVisualStudioVersion = 10.0.40219.1
Project("{FAE04EC0-301F-11D3-BF4B-00C04F79EFBC}") = "MiscFiles", "MiscFiles\MiscFiles.csproj", "{CD0B7280-20DB-414A-B42E-CCF6C87FC7C5}"
EndProject
Project("{FAE04EC0-301F-11D3-BF4B-00C04F79EFBC}") = "Logging", "..\Common\Logging\Logging.csproj", "{606DD8A5-1E7D-4910-B27C-92C707518181}"
EndProject
Project("{FAE04EC0-301F-11D3-BF4B-00C04F79EFBC}") = "UnitTestProject", "UnitTestProject\UnitTestProject.csproj", "{FD795D81-D447-4E3A-A313-7E2B5273F523}"
EndProject
Project("{FAE04EC0-301F-11D3-BF4B-00C04F79EFBC}") = "BrowserDetector", "..\Common\BrowserDetector\BrowserDetector.csproj", "{A6A8758C-2B60-4FB0-A91F-627B1D86FCC0}"
EndProject
Project("{FAE04EC0-301F-11D3-BF4B-00C04F79EFBC}") = "LoggingGUI", "..\Common\Logging\LoggingGUI\LoggingGUI.csproj", "{3B671A6A-4189-45DE-B20F-E0DD0FF0494B}"
EndProject
Project("{FAE04EC0-301F-11D3-BF4B-00C04F79EFBC}") = "ListEnum", "..\Common\ListEnum\ListEnum.csproj", "{12AEA135-BA62-41D7-B9C3-1DCA9D0C9EE4}"
EndProject
Project("{FAE04EC0-301F-11D3-BF4B-00C04F79EFBC}") = "SplitterWithGrabber", "..\Common\SplitterWithGrabber\SplitterWithGrabber.csproj", "{E404C82B-6937-475C-9AD8-765509EB8C32}"
EndProject
Project("{FAE04EC0-301F-11D3-BF4B-00C04F79EFBC}") = "QueueManager", "..\Common\QueueManager\QueueManager.csproj", "{E699B23F-2C97-415F-A946-2EA9CBD07038}"
EndProject
Project("{FAE04EC0-301F-11D3-BF4B-00C04F79EFBC}") = "SKZTweets tiny harness", "SKZTweets tiny harness\SKZTweets tiny harness.csproj", "{5F0F32C4-88FF-4BBE-AC93-55360C7C5F01}"
EndProject
Project("{FAE04EC0-301F-11D3-BF4B-00C04F79EFBC}") = "TwitterData", "..\SKZTwitter\TwitterData\TwitterData.csproj", "{D6C4E706-40C7-49DA-92D0-2917C77C91EF}"
EndProject
Project("{FAE04EC0-301F-11D3-BF4B-00C04F79EFBC}") = "TwitterJobs", "..\SKZTwitter\TwitterJobs\TwitterJobs.csproj", "{461AED33-4937-4D42-AEA3-A91F3129D0E0}"
EndProject
Project("{FAE04EC0-301F-11D3-BF4B-00C04F79EFBC}") = "TwitterModels", "..\SKZTwitter\TwitterModels\TwitterModels.csproj", "{A24801EC-2E00-4427-ACD8-25F4E20B0543}"
EndProject
Project("{FAE04EC0-301F-11D3-BF4B-00C04F79EFBC}") = "IniFile", "..\Common\IniFile\IniFile.csproj", "{B6B5A8E7-6586-4EC2-855D-12193669C1F1}"
EndProject
Global
	GlobalSection(SolutionConfigurationPlatforms) = preSolution
		Debug|Any CPU = Debug|Any CPU
		Debug|ARM = Debug|ARM
		Debug|x64 = Debug|x64
		Debug|x86 = Debug|x86
		Release|Any CPU = Release|Any CPU
		Release|ARM = Release|ARM
		Release|x64 = Release|x64
		Release|x86 = Release|x86
	EndGlobalSection
	GlobalSection(ProjectConfigurationPlatforms) = postSolution
		{CD0B7280-20DB-414A-B42E-CCF6C87FC7C5}.Debug|Any CPU.ActiveCfg = Debug|Any CPU
		{CD0B7280-20DB-414A-B42E-CCF6C87FC7C5}.Debug|Any CPU.Build.0 = Debug|Any CPU
		{CD0B7280-20DB-414A-B42E-CCF6C87FC7C5}.Debug|ARM.ActiveCfg = Debug|Any CPU
		{CD0B7280-20DB-414A-B42E-CCF6C87FC7C5}.Debug|ARM.Build.0 = Debug|Any CPU
		{CD0B7280-20DB-414A-B42E-CCF6C87FC7C5}.Debug|x64.ActiveCfg = Debug|Any CPU
		{CD0B7280-20DB-414A-B42E-CCF6C87FC7C5}.Debug|x64.Build.0 = Debug|Any CPU
		{CD0B7280-20DB-414A-B42E-CCF6C87FC7C5}.Debug|x86.ActiveCfg = Debug|Any CPU
		{CD0B7280-20DB-414A-B42E-CCF6C87FC7C5}.Debug|x86.Build.0 = Debug|Any CPU
		{CD0B7280-20DB-414A-B42E-CCF6C87FC7C5}.Release|Any CPU.ActiveCfg = Release|Any CPU
		{CD0B7280-20DB-414A-B42E-CCF6C87FC7C5}.Release|Any CPU.Build.0 = Release|Any CPU
		{CD0B7280-20DB-414A-B42E-CCF6C87FC7C5}.Release|ARM.ActiveCfg = Release|Any CPU
		{CD0B7280-20DB-414A-B42E-CCF6C87FC7C5}.Release|ARM.Build.0 = Release|Any CPU
		{CD0B7280-20DB-414A-B42E-CCF6C87FC7C5}.Release|x64.ActiveCfg = Release|Any CPU
		{CD0B7280-20DB-414A-B42E-CCF6C87FC7C5}.Release|x64.Build.0 = Release|Any CPU
		{CD0B7280-20DB-414A-B42E-CCF6C87FC7C5}.Release|x86.ActiveCfg = Release|Any CPU
		{CD0B7280-20DB-414A-B42E-CCF6C87FC7C5}.Release|x86.Build.0 = Release|Any CPU
		{606DD8A5-1E7D-4910-B27C-92C707518181}.Debug|Any CPU.ActiveCfg = Debug|Any CPU
		{606DD8A5-1E7D-4910-B27C-92C707518181}.Debug|Any CPU.Build.0 = Debug|Any CPU
		{606DD8A5-1E7D-4910-B27C-92C707518181}.Debug|ARM.ActiveCfg = Debug|Any CPU
		{606DD8A5-1E7D-4910-B27C-92C707518181}.Debug|ARM.Build.0 = Debug|Any CPU
		{606DD8A5-1E7D-4910-B27C-92C707518181}.Debug|x64.ActiveCfg = Debug|Any CPU
		{606DD8A5-1E7D-4910-B27C-92C707518181}.Debug|x64.Build.0 = Debug|Any CPU
		{606DD8A5-1E7D-4910-B27C-92C707518181}.Debug|x86.ActiveCfg = Debug|Any CPU
		{606DD8A5-1E7D-4910-B27C-92C707518181}.Debug|x86.Build.0 = Debug|Any CPU
		{606DD8A5-1E7D-4910-B27C-92C707518181}.Release|Any CPU.ActiveCfg = Release|Any CPU
		{606DD8A5-1E7D-4910-B27C-92C707518181}.Release|Any CPU.Build.0 = Release|Any CPU
		{606DD8A5-1E7D-4910-B27C-92C707518181}.Release|ARM.ActiveCfg = Release|Any CPU
		{606DD8A5-1E7D-4910-B27C-92C707518181}.Release|ARM.Build.0 = Release|Any CPU
		{606DD8A5-1E7D-4910-B27C-92C707518181}.Release|x64.ActiveCfg = Release|Any CPU
		{606DD8A5-1E7D-4910-B27C-92C707518181}.Release|x64.Build.0 = Release|Any CPU
		{606DD8A5-1E7D-4910-B27C-92C707518181}.Release|x86.ActiveCfg = Release|Any CPU
		{606DD8A5-1E7D-4910-B27C-92C707518181}.Release|x86.Build.0 = Release|Any CPU
		{FD795D81-D447-4E3A-A313-7E2B5273F523}.Debug|Any CPU.ActiveCfg = Debug|Any CPU
		{FD795D81-D447-4E3A-A313-7E2B5273F523}.Debug|Any CPU.Build.0 = Debug|Any CPU
		{FD795D81-D447-4E3A-A313-7E2B5273F523}.Debug|ARM.ActiveCfg = Debug|Any CPU
		{FD795D81-D447-4E3A-A313-7E2B5273F523}.Debug|ARM.Build.0 = Debug|Any CPU
		{FD795D81-D447-4E3A-A313-7E2B5273F523}.Debug|x64.ActiveCfg = Debug|Any CPU
		{FD795D81-D447-4E3A-A313-7E2B5273F523}.Debug|x64.Build.0 = Debug|Any CPU
		{FD795D81-D447-4E3A-A313-7E2B5273F523}.Debug|x86.ActiveCfg = Debug|Any CPU
		{FD795D81-D447-4E3A-A313-7E2B5273F523}.Debug|x86.Build.0 = Debug|Any CPU
		{FD795D81-D447-4E3A-A313-7E2B5273F523}.Release|Any CPU.ActiveCfg = Release|Any CPU
		{FD795D81-D447-4E3A-A313-7E2B5273F523}.Release|Any CPU.Build.0 = Release|Any CPU
		{FD795D81-D447-4E3A-A313-7E2B5273F523}.Release|ARM.ActiveCfg = Release|Any CPU
		{FD795D81-D447-4E3A-A313-7E2B5273F523}.Release|ARM.Build.0 = Release|Any CPU
		{FD795D81-D447-4E3A-A313-7E2B5273F523}.Release|x64.ActiveCfg = Release|Any CPU
		{FD795D81-D447-4E3A-A313-7E2B5273F523}.Release|x64.Build.0 = Release|Any CPU
		{FD795D81-D447-4E3A-A313-7E2B5273F523}.Release|x86.ActiveCfg = Release|Any CPU
		{FD795D81-D447-4E3A-A313-7E2B5273F523}.Release|x86.Build.0 = Release|Any CPU
		{A6A8758C-2B60-4FB0-A91F-627B1D86FCC0}.Debug|Any CPU.ActiveCfg = Debug|Any CPU
		{A6A8758C-2B60-4FB0-A91F-627B1D86FCC0}.Debug|Any CPU.Build.0 = Debug|Any CPU
		{A6A8758C-2B60-4FB0-A91F-627B1D86FCC0}.Debug|ARM.ActiveCfg = Debug|Any CPU
		{A6A8758C-2B60-4FB0-A91F-627B1D86FCC0}.Debug|ARM.Build.0 = Debug|Any CPU
		{A6A8758C-2B60-4FB0-A91F-627B1D86FCC0}.Debug|x64.ActiveCfg = Debug|Any CPU
		{A6A8758C-2B60-4FB0-A91F-627B1D86FCC0}.Debug|x64.Build.0 = Debug|Any CPU
		{A6A8758C-2B60-4FB0-A91F-627B1D86FCC0}.Debug|x86.ActiveCfg = Debug|Any CPU
		{A6A8758C-2B60-4FB0-A91F-627B1D86FCC0}.Debug|x86.Build.0 = Debug|Any CPU
		{A6A8758C-2B60-4FB0-A91F-627B1D86FCC0}.Release|Any CPU.ActiveCfg = Release|Any CPU
		{A6A8758C-2B60-4FB0-A91F-627B1D86FCC0}.Release|Any CPU.Build.0 = Release|Any CPU
		{A6A8758C-2B60-4FB0-A91F-627B1D86FCC0}.Release|ARM.ActiveCfg = Release|Any CPU
		{A6A8758C-2B60-4FB0-A91F-627B1D86FCC0}.Release|ARM.Build.0 = Release|Any CPU
		{A6A8758C-2B60-4FB0-A91F-627B1D86FCC0}.Release|x64.ActiveCfg = Release|Any CPU
		{A6A8758C-2B60-4FB0-A91F-627B1D86FCC0}.Release|x64.Build.0 = Release|Any CPU
		{A6A8758C-2B60-4FB0-A91F-627B1D86FCC0}.Release|x86.ActiveCfg = Release|Any CPU
		{A6A8758C-2B60-4FB0-A91F-627B1D86FCC0}.Release|x86.Build.0 = Release|Any CPU
		{3B671A6A-4189-45DE-B20F-E0DD0FF0494B}.Debug|Any CPU.ActiveCfg = Debug|Any CPU
		{3B671A6A-4189-45DE-B20F-E0DD0FF0494B}.Debug|Any CPU.Build.0 = Debug|Any CPU
		{3B671A6A-4189-45DE-B20F-E0DD0FF0494B}.Debug|ARM.ActiveCfg = Debug|Any CPU
		{3B671A6A-4189-45DE-B20F-E0DD0FF0494B}.Debug|ARM.Build.0 = Debug|Any CPU
		{3B671A6A-4189-45DE-B20F-E0DD0FF0494B}.Debug|x64.ActiveCfg = Debug|Any CPU
		{3B671A6A-4189-45DE-B20F-E0DD0FF0494B}.Debug|x64.Build.0 = Debug|Any CPU
		{3B671A6A-4189-45DE-B20F-E0DD0FF0494B}.Debug|x86.ActiveCfg = Debug|Any CPU
		{3B671A6A-4189-45DE-B20F-E0DD0FF0494B}.Debug|x86.Build.0 = Debug|Any CPU
		{3B671A6A-4189-45DE-B20F-E0DD0FF0494B}.Release|Any CPU.ActiveCfg = Release|Any CPU
		{3B671A6A-4189-45DE-B20F-E0DD0FF0494B}.Release|Any CPU.Build.0 = Release|Any CPU
		{3B671A6A-4189-45DE-B20F-E0DD0FF0494B}.Release|ARM.ActiveCfg = Release|Any CPU
		{3B671A6A-4189-45DE-B20F-E0DD0FF0494B}.Release|ARM.Build.0 = Release|Any CPU
		{3B671A6A-4189-45DE-B20F-E0DD0FF0494B}.Release|x64.ActiveCfg = Release|Any CPU
		{3B671A6A-4189-45DE-B20F-E0DD0FF0494B}.Release|x64.Build.0 = Release|Any CPU
		{3B671A6A-4189-45DE-B20F-E0DD0FF0494B}.Release|x86.ActiveCfg = Release|Any CPU
		{3B671A6A-4189-45DE-B20F-E0DD0FF0494B}.Release|x86.Build.0 = Release|Any CPU
		{12AEA135-BA62-41D7-B9C3-1DCA9D0C9EE4}.Debug|Any CPU.ActiveCfg = Debug|Any CPU
		{12AEA135-BA62-41D7-B9C3-1DCA9D0C9EE4}.Debug|Any CPU.Build.0 = Debug|Any CPU
		{12AEA135-BA62-41D7-B9C3-1DCA9D0C9EE4}.Debug|ARM.ActiveCfg = Debug|Any CPU
		{12AEA135-BA62-41D7-B9C3-1DCA9D0C9EE4}.Debug|ARM.Build.0 = Debug|Any CPU
		{12AEA135-BA62-41D7-B9C3-1DCA9D0C9EE4}.Debug|x64.ActiveCfg = Debug|Any CPU
		{12AEA135-BA62-41D7-B9C3-1DCA9D0C9EE4}.Debug|x64.Build.0 = Debug|Any CPU
		{12AEA135-BA62-41D7-B9C3-1DCA9D0C9EE4}.Debug|x86.ActiveCfg = Debug|Any CPU
		{12AEA135-BA62-41D7-B9C3-1DCA9D0C9EE4}.Debug|x86.Build.0 = Debug|Any CPU
		{12AEA135-BA62-41D7-B9C3-1DCA9D0C9EE4}.Release|Any CPU.ActiveCfg = Release|Any CPU
		{12AEA135-BA62-41D7-B9C3-1DCA9D0C9EE4}.Release|Any CPU.Build.0 = Release|Any CPU
		{12AEA135-BA62-41D7-B9C3-1DCA9D0C9EE4}.Release|ARM.ActiveCfg = Release|Any CPU
		{12AEA135-BA62-41D7-B9C3-1DCA9D0C9EE4}.Release|ARM.Build.0 = Release|Any CPU
		{12AEA135-BA62-41D7-B9C3-1DCA9D0C9EE4}.Release|x64.ActiveCfg = Release|Any CPU
		{12AEA135-BA62-41D7-B9C3-1DCA9D0C9EE4}.Release|x64.Build.0 = Release|Any CPU
		{12AEA135-BA62-41D7-B9C3-1DCA9D0C9EE4}.Release|x86.ActiveCfg = Release|Any CPU
		{12AEA135-BA62-41D7-B9C3-1DCA9D0C9EE4}.Release|x86.Build.0 = Release|Any CPU
		{E404C82B-6937-475C-9AD8-765509EB8C32}.Debug|Any CPU.ActiveCfg = Debug|Any CPU
		{E404C82B-6937-475C-9AD8-765509EB8C32}.Debug|Any CPU.Build.0 = Debug|Any CPU
		{E404C82B-6937-475C-9AD8-765509EB8C32}.Debug|ARM.ActiveCfg = Debug|Any CPU
		{E404C82B-6937-475C-9AD8-765509EB8C32}.Debug|ARM.Build.0 = Debug|Any CPU
		{E404C82B-6937-475C-9AD8-765509EB8C32}.Debug|x64.ActiveCfg = Debug|Any CPU
		{E404C82B-6937-475C-9AD8-765509EB8C32}.Debug|x64.Build.0 = Debug|Any CPU
		{E404C82B-6937-475C-9AD8-765509EB8C32}.Debug|x86.ActiveCfg = Debug|Any CPU
		{E404C82B-6937-475C-9AD8-765509EB8C32}.Debug|x86.Build.0 = Debug|Any CPU
		{E404C82B-6937-475C-9AD8-765509EB8C32}.Release|Any CPU.ActiveCfg = Release|Any CPU
		{E404C82B-6937-475C-9AD8-765509EB8C32}.Release|Any CPU.Build.0 = Release|Any CPU
		{E404C82B-6937-475C-9AD8-765509EB8C32}.Release|ARM.ActiveCfg = Release|Any CPU
		{E404C82B-6937-475C-9AD8-765509EB8C32}.Release|ARM.Build.0 = Release|Any CPU
		{E404C82B-6937-475C-9AD8-765509EB8C32}.Release|x64.ActiveCfg = Release|Any CPU
		{E404C82B-6937-475C-9AD8-765509EB8C32}.Release|x64.Build.0 = Release|Any CPU
		{E404C82B-6937-475C-9AD8-765509EB8C32}.Release|x86.ActiveCfg = Release|Any CPU
		{E404C82B-6937-475C-9AD8-765509EB8C32}.Release|x86.Build.0 = Release|Any CPU
		{E699B23F-2C97-415F-A946-2EA9CBD07038}.Debug|Any CPU.ActiveCfg = Debug|Any CPU
		{E699B23F-2C97-415F-A946-2EA9CBD07038}.Debug|Any CPU.Build.0 = Debug|Any CPU
		{E699B23F-2C97-415F-A946-2EA9CBD07038}.Debug|ARM.ActiveCfg = Debug|Any CPU
		{E699B23F-2C97-415F-A946-2EA9CBD07038}.Debug|ARM.Build.0 = Debug|Any CPU
		{E699B23F-2C97-415F-A946-2EA9CBD07038}.Debug|x64.ActiveCfg = Debug|Any CPU
		{E699B23F-2C97-415F-A946-2EA9CBD07038}.Debug|x64.Build.0 = Debug|Any CPU
		{E699B23F-2C97-415F-A946-2EA9CBD07038}.Debug|x86.ActiveCfg = Debug|Any CPU
		{E699B23F-2C97-415F-A946-2EA9CBD07038}.Debug|x86.Build.0 = Debug|Any CPU
		{E699B23F-2C97-415F-A946-2EA9CBD07038}.Release|Any CPU.ActiveCfg = Release|Any CPU
		{E699B23F-2C97-415F-A946-2EA9CBD07038}.Release|Any CPU.Build.0 = Release|Any CPU
		{E699B23F-2C97-415F-A946-2EA9CBD07038}.Release|ARM.ActiveCfg = Release|Any CPU
		{E699B23F-2C97-415F-A946-2EA9CBD07038}.Release|ARM.Build.0 = Release|Any CPU
		{E699B23F-2C97-415F-A946-2EA9CBD07038}.Release|x64.ActiveCfg = Release|Any CPU
		{E699B23F-2C97-415F-A946-2EA9CBD07038}.Release|x64.Build.0 = Release|Any CPU
		{E699B23F-2C97-415F-A946-2EA9CBD07038}.Release|x86.ActiveCfg = Release|Any CPU
		{E699B23F-2C97-415F-A946-2EA9CBD07038}.Release|x86.Build.0 = Release|Any CPU
		{5F0F32C4-88FF-4BBE-AC93-55360C7C5F01}.Debug|Any CPU.ActiveCfg = Debug|Any CPU
		{5F0F32C4-88FF-4BBE-AC93-55360C7C5F01}.Debug|Any CPU.Build.0 = Debug|Any CPU
		{5F0F32C4-88FF-4BBE-AC93-55360C7C5F01}.Debug|ARM.ActiveCfg = Debug|Any CPU
		{5F0F32C4-88FF-4BBE-AC93-55360C7C5F01}.Debug|ARM.Build.0 = Debug|Any CPU
		{5F0F32C4-88FF-4BBE-AC93-55360C7C5F01}.Debug|x64.ActiveCfg = Debug|Any CPU
		{5F0F32C4-88FF-4BBE-AC93-55360C7C5F01}.Debug|x64.Build.0 = Debug|Any CPU
		{5F0F32C4-88FF-4BBE-AC93-55360C7C5F01}.Debug|x86.ActiveCfg = Debug|Any CPU
		{5F0F32C4-88FF-4BBE-AC93-55360C7C5F01}.Debug|x86.Build.0 = Debug|Any CPU
		{5F0F32C4-88FF-4BBE-AC93-55360C7C5F01}.Release|Any CPU.ActiveCfg = Release|Any CPU
		{5F0F32C4-88FF-4BBE-AC93-55360C7C5F01}.Release|Any CPU.Build.0 = Release|Any CPU
		{5F0F32C4-88FF-4BBE-AC93-55360C7C5F01}.Release|ARM.ActiveCfg = Release|Any CPU
		{5F0F32C4-88FF-4BBE-AC93-55360C7C5F01}.Release|ARM.Build.0 = Release|Any CPU
		{5F0F32C4-88FF-4BBE-AC93-55360C7C5F01}.Release|x64.ActiveCfg = Release|Any CPU
		{5F0F32C4-88FF-4BBE-AC93-55360C7C5F01}.Release|x64.Build.0 = Release|Any CPU
		{5F0F32C4-88FF-4BBE-AC93-55360C7C5F01}.Release|x86.ActiveCfg = Release|Any CPU
		{5F0F32C4-88FF-4BBE-AC93-55360C7C5F01}.Release|x86.Build.0 = Release|Any CPU
		{D6C4E706-40C7-49DA-92D0-2917C77C91EF}.Debug|Any CPU.ActiveCfg = Debug|Any CPU
		{D6C4E706-40C7-49DA-92D0-2917C77C91EF}.Debug|Any CPU.Build.0 = Debug|Any CPU
		{D6C4E706-40C7-49DA-92D0-2917C77C91EF}.Debug|ARM.ActiveCfg = Debug|Any CPU
		{D6C4E706-40C7-49DA-92D0-2917C77C91EF}.Debug|ARM.Build.0 = Debug|Any CPU
		{D6C4E706-40C7-49DA-92D0-2917C77C91EF}.Debug|x64.ActiveCfg = Debug|Any CPU
		{D6C4E706-40C7-49DA-92D0-2917C77C91EF}.Debug|x64.Build.0 = Debug|Any CPU
		{D6C4E706-40C7-49DA-92D0-2917C77C91EF}.Debug|x86.ActiveCfg = Debug|Any CPU
		{D6C4E706-40C7-49DA-92D0-2917C77C91EF}.Debug|x86.Build.0 = Debug|Any CPU
		{D6C4E706-40C7-49DA-92D0-2917C77C91EF}.Release|Any CPU.ActiveCfg = Release|Any CPU
		{D6C4E706-40C7-49DA-92D0-2917C77C91EF}.Release|Any CPU.Build.0 = Release|Any CPU
		{D6C4E706-40C7-49DA-92D0-2917C77C91EF}.Release|ARM.ActiveCfg = Release|Any CPU
		{D6C4E706-40C7-49DA-92D0-2917C77C91EF}.Release|ARM.Build.0 = Release|Any CPU
		{D6C4E706-40C7-49DA-92D0-2917C77C91EF}.Release|x64.ActiveCfg = Release|Any CPU
		{D6C4E706-40C7-49DA-92D0-2917C77C91EF}.Release|x64.Build.0 = Release|Any CPU
		{D6C4E706-40C7-49DA-92D0-2917C77C91EF}.Release|x86.ActiveCfg = Release|Any CPU
		{D6C4E706-40C7-49DA-92D0-2917C77C91EF}.Release|x86.Build.0 = Release|Any CPU
		{461AED33-4937-4D42-AEA3-A91F3129D0E0}.Debug|Any CPU.ActiveCfg = Debug|Any CPU
		{461AED33-4937-4D42-AEA3-A91F3129D0E0}.Debug|Any CPU.Build.0 = Debug|Any CPU
		{461AED33-4937-4D42-AEA3-A91F3129D0E0}.Debug|ARM.ActiveCfg = Debug|Any CPU
		{461AED33-4937-4D42-AEA3-A91F3129D0E0}.Debug|ARM.Build.0 = Debug|Any CPU
		{461AED33-4937-4D42-AEA3-A91F3129D0E0}.Debug|x64.ActiveCfg = Debug|Any CPU
		{461AED33-4937-4D42-AEA3-A91F3129D0E0}.Debug|x64.Build.0 = Debug|Any CPU
		{461AED33-4937-4D42-AEA3-A91F3129D0E0}.Debug|x86.ActiveCfg = Debug|Any CPU
		{461AED33-4937-4D42-AEA3-A91F3129D0E0}.Debug|x86.Build.0 = Debug|Any CPU
		{461AED33-4937-4D42-AEA3-A91F3129D0E0}.Release|Any CPU.ActiveCfg = Release|Any CPU
		{461AED33-4937-4D42-AEA3-A91F3129D0E0}.Release|Any CPU.Build.0 = Release|Any CPU
		{461AED33-4937-4D42-AEA3-A91F3129D0E0}.Release|ARM.ActiveCfg = Release|Any CPU
		{461AED33-4937-4D42-AEA3-A91F3129D0E0}.Release|ARM.Build.0 = Release|Any CPU
		{461AED33-4937-4D42-AEA3-A91F3129D0E0}.Release|x64.ActiveCfg = Release|Any CPU
		{461AED33-4937-4D42-AEA3-A91F3129D0E0}.Release|x64.Build.0 = Release|Any CPU
		{461AED33-4937-4D42-AEA3-A91F3129D0E0}.Release|x86.ActiveCfg = Release|Any CPU
		{461AED33-4937-4D42-AEA3-A91F3129D0E0}.Release|x86.Build.0 = Release|Any CPU
		{A24801EC-2E00-4427-ACD8-25F4E20B0543}.Debug|Any CPU.ActiveCfg = Debug|Any CPU
		{A24801EC-2E00-4427-ACD8-25F4E20B0543}.Debug|Any CPU.Build.0 = Debug|Any CPU
		{A24801EC-2E00-4427-ACD8-25F4E20B0543}.Debug|ARM.ActiveCfg = Debug|Any CPU
		{A24801EC-2E00-4427-ACD8-25F4E20B0543}.Debug|ARM.Build.0 = Debug|Any CPU
		{A24801EC-2E00-4427-ACD8-25F4E20B0543}.Debug|x64.ActiveCfg = Debug|Any CPU
		{A24801EC-2E00-4427-ACD8-25F4E20B0543}.Debug|x64.Build.0 = Debug|Any CPU
		{A24801EC-2E00-4427-ACD8-25F4E20B0543}.Debug|x86.ActiveCfg = Debug|Any CPU
		{A24801EC-2E00-4427-ACD8-25F4E20B0543}.Debug|x86.Build.0 = Debug|Any CPU
		{A24801EC-2E00-4427-ACD8-25F4E20B0543}.Release|Any CPU.ActiveCfg = Release|Any CPU
		{A24801EC-2E00-4427-ACD8-25F4E20B0543}.Release|Any CPU.Build.0 = Release|Any CPU
		{A24801EC-2E00-4427-ACD8-25F4E20B0543}.Release|ARM.ActiveCfg = Release|Any CPU
		{A24801EC-2E00-4427-ACD8-25F4E20B0543}.Release|ARM.Build.0 = Release|Any CPU
		{A24801EC-2E00-4427-ACD8-25F4E20B0543}.Release|x64.ActiveCfg = Release|Any CPU
		{A24801EC-2E00-4427-ACD8-25F4E20B0543}.Release|x64.Build.0 = Release|Any CPU
		{A24801EC-2E00-4427-ACD8-25F4E20B0543}.Release|x86.ActiveCfg = Release|Any CPU
		{A24801EC-2E00-4427-ACD8-25F4E20B0543}.Release|x86.Build.0 = Release|Any CPU
		{B6B5A8E7-6586-4EC2-855D-12193669C1F1}.Debug|Any CPU.ActiveCfg = Debug|Any CPU
		{B6B5A8E7-6586-4EC2-855D-12193669C1F1}.Debug|Any CPU.Build.0 = Debug|Any CPU
		{B6B5A8E7-6586-4EC2-855D-12193669C1F1}.Debug|ARM.ActiveCfg = Debug|Any CPU
		{B6B5A8E7-6586-4EC2-855D-12193669C1F1}.Debug|ARM.Build.0 = Debug|Any CPU
		{B6B5A8E7-6586-4EC2-855D-12193669C1F1}.Debug|x64.ActiveCfg = Debug|Any CPU
		{B6B5A8E7-6586-4EC2-855D-12193669C1F1}.Debug|x64.Build.0 = Debug|Any CPU
		{B6B5A8E7-6586-4EC2-855D-12193669C1F1}.Debug|x86.ActiveCfg = Debug|Any CPU
		{B6B5A8E7-6586-4EC2-855D-12193669C1F1}.Debug|x86.Build.0 = Debug|Any CPU
		{B6B5A8E7-6586-4EC2-855D-12193669C1F1}.Release|Any CPU.ActiveCfg = Release|Any CPU
		{B6B5A8E7-6586-4EC2-855D-12193669C1F1}.Release|Any CPU.Build.0 = Release|Any CPU
		{B6B5A8E7-6586-4EC2-855D-12193669C1F1}.Release|ARM.ActiveCfg = Release|Any CPU
		{B6B5A8E7-6586-4EC2-855D-12193669C1F1}.Release|ARM.Build.0 = Release|Any CPU
		{B6B5A8E7-6586-4EC2-855D-12193669C1F1}.Release|x64.ActiveCfg = Release|Any CPU
		{B6B5A8E7-6586-4EC2-855D-12193669C1F1}.Release|x64.Build.0 = Release|Any CPU
		{B6B5A8E7-6586-4EC2-855D-12193669C1F1}.Release|x86.ActiveCfg = Release|Any CPU
		{B6B5A8E7-6586-4EC2-855D-12193669C1F1}.Release|x86.Build.0 = Release|Any CPU
	EndGlobalSection
	GlobalSection(SolutionProperties) = preSolution
		HideSolutionNode = FALSE
	EndGlobalSection
	GlobalSection(ExtensibilityGlobals) = postSolution
		SolutionGuid = {F7D10001-8BD0-46F9-B0EA-3831A758D2BF}
	EndGlobalSection
EndGlobal
